
Microsoft Visual Studio Solution File, Format Version 12.00
# Visual Studio Version 16
VisualStudioVersion = 16.0.30517.126
MinimumVisualStudioVersion = 10.0.40219.1
Project("{FAE04EC0-301F-11D3-BF4B-00C04F79EFBC}") = "Checking Uppercase Letters", "Checking Uppercase Letters.csproj", "{0F9C29A8-EB92-4182-A55B-3293A9843FCD}"
EndProject
Global
	GlobalSection(SolutionConfigurationPlatforms) = preSolution
		Debug|Any CPU = Debug|Any CPU
		Release|Any CPU = Release|Any CPU
	EndGlobalSection
	GlobalSection(ProjectConfigurationPlatforms) = postSolution
		{0F9C29A8-EB92-4182-A55B-3293A9843FCD}.Debug|Any CPU.ActiveCfg = Debug|Any CPU
		{0F9C29A8-EB92-4182-A55B-3293A9843FCD}.Debug|Any CPU.Build.0 = Debug|Any CPU
		{0F9C29A8-EB92-4182-A55B-3293A9843FCD}.Release|Any CPU.ActiveCfg = Release|Any CPU
		{0F9C29A8-EB92-4182-A55B-3293A9843FCD}.Release|Any CPU.Build.0 = Release|Any CPU
	EndGlobalSection
	GlobalSection(SolutionProperties) = preSolution
		HideSolutionNode = FALSE
	EndGlobalSection
	GlobalSection(ExtensibilityGlobals) = postSolution
		SolutionGuid = {B5F04AF6-A70F-40FB-B6A3-8588C8DA9E26}
	EndGlobalSection
EndGlobal
